Microsoft Visual Studio Solution File, Format Version 7.00
Project("{8BC9CEB8-8B4A-11D0-8D11-00A0C91BC942}") = "Designer", "Designer.vcproj", "{D8800F79-67D3-4FBF-943B-0213C556D5A3}"
EndProject
Global
	GlobalSection(SolutionConfiguration) = preSolution
		ConfigName.0 = Debug
		ConfigName.1 = Release
	EndGlobalSection
	GlobalSection(ProjectDependencies) = postSolution
	EndGlobalSection
	GlobalSection(ProjectConfiguration) = postSolution
		{D8800F79-67D3-4FBF-943B-0213C556D5A3}.Debug.ActiveCfg = Debug|Win32
		{D8800F79-67D3-4FBF-943B-0213C556D5A3}.Debug.Build.0 = Debug|Win32
		{D8800F79-67D3-4FBF-943B-0213C556D5A3}.Release.ActiveCfg = Release|Win32
		{D8800F79-67D3-4FBF-943B-0213C556D5A3}.Release.Build.0 = Release|Win32
	EndGlobalSection
	GlobalSection(ExtensibilityGlobals) = postSolution
	EndGlobalSection
	GlobalSection(ExtensibilityAddIns) = postSolution
	EndGlobalSection
EndGlobal
