<?xml version="1.0" encoding="utf-8"?>
<Project ToolsVersion="4.0" xmlns="http://schemas.microsoft.com/developer/msbuild/2003">
  <ItemGroup>
    <Filter Include="Source Files">
      <UniqueIdentifier>{29327cf4-b5ee-4f28-af1c-e2aadd377ee6}</UniqueIdentifier>
      <Extensions>cpp;c;cxx;rc;def;r;odl;hpj;bat;for;f90</Extensions>
    </Filter>
    <Filter Include="Header Files">
      <UniqueIdentifier>{c1c03d4d-9170-481d-9507-bfaa92dd24d6}</UniqueIdentifier>
      <Extensions>h;hpp;hxx;hm;inl;fi;fd</Extensions>
    </Filter>
    <Filter Include="Resource Files">
      <UniqueIdentifier>{a5f3d353-7e46-47a4-9c95-e0ce1c640f56}</UniqueIdentifier>
      <Extensions>ico;cur;bmp;dlg;rc2;rct;bin;cnt;rtf;gif;jpg;jpeg;jpe</Extensions>
    </Filter>
  </ItemGroup>
  <ItemGroup>
    <ClCompile Include="band.cpp">
      <Filter>Source Files</Filter>
    </ClCompile>
    <ClCompile Include="Bands.cpp">
      <Filter>Source Files</Filter>
    </ClCompile>
    <ClCompile Include="Bar.cpp">
      <Filter>Source Files</Filter>
    </ClCompile>
    <ClCompile Include="Btabs.cpp">
      <Filter>Source Files</Filter>
    </ClCompile>
    <ClCompile Include="CategoryMgr.cpp">
      <Filter>Source Files</Filter>
    </ClCompile>
    <ClCompile Include="catidreg.cpp">
      <Filter>Source Files</Filter>
    </ClCompile>
    <ClCompile Include="CBList.cpp">
      <Filter>Source Files</Filter>
    </ClCompile>
    <ClCompile Include="ChildBands.cpp">
      <Filter>Source Files</Filter>
    </ClCompile>
    <ClCompile Include="Custom.cpp">
      <Filter>Source Files</Filter>
    </ClCompile>
    <ClCompile Include="CustomizeListbox.cpp">
      <Filter>Source Files</Filter>
    </ClCompile>
    <ClCompile Include="customproxy.cpp">
      <Filter>Source Files</Filter>
    </ClCompile>
    <ClCompile Include="DDASYNC.CPP">
      <Filter>Source Files</Filter>
    </ClCompile>
    <ClCompile Include="debug.cpp">
      <Filter>Source Files</Filter>
    </ClCompile>
    <ClCompile Include="Dib.cpp">
      <Filter>Source Files</Filter>
    </ClCompile>
    <ClCompile Include="Dock.cpp">
      <Filter>Source Files</Filter>
    </ClCompile>
    <ClCompile Include="Designer\DragDrop.cpp">
      <Filter>Source Files</Filter>
    </ClCompile>
    <ClCompile Include="Designer\DragDropMgr.cpp">
      <Filter>Source Files</Filter>
    </ClCompile>
    <ClCompile Include="DropSource.cpp">
      <Filter>Source Files</Filter>
    </ClCompile>
    <ClCompile Include="enumx.cpp">
      <Filter>Source Files</Filter>
    </ClCompile>
    <ClCompile Include="EventLog.cpp">
      <Filter>Source Files</Filter>
    </ClCompile>
    <ClCompile Include="FDIALOG.CPP">
      <Filter>Source Files</Filter>
    </ClCompile>
    <ClCompile Include="Flicker.cpp">
      <Filter>Source Files</Filter>
    </ClCompile>
    <ClCompile Include="fontholder.cpp">
      <Filter>Source Files</Filter>
    </ClCompile>
    <ClCompile Include="fregkey.cpp">
      <Filter>Source Files</Filter>
    </ClCompile>
    <ClCompile Include="FWND.CPP">
      <Filter>Source Files</Filter>
    </ClCompile>
    <ClCompile Include="Globals.cpp">
      <Filter>Source Files</Filter>
    </ClCompile>
    <ClCompile Include="guids.cpp">
      <Filter>Source Files</Filter>
    </ClCompile>
    <ClCompile Include="Ibar.cpp">
      <Filter>Source Files</Filter>
    </ClCompile>
    <ClCompile Include="ImageMgr.cpp">
      <Filter>Source Files</Filter>
    </ClCompile>
    <ClCompile Include="ipserver.cpp">
      <Filter>Source Files</Filter>
    </ClCompile>
    <ClCompile Include="localizer.cpp">
      <Filter>Source Files</Filter>
    </ClCompile>
    <ClCompile Include="Map.cpp">
      <Filter>Source Files</Filter>
    </ClCompile>
    <ClCompile Include="Miniwin.cpp">
      <Filter>Source Files</Filter>
    </ClCompile>
    <ClCompile Include="pictureholder.cpp">
      <Filter>Source Files</Filter>
    </ClCompile>
    <ClCompile Include="Popupwin.cpp">
      <Filter>Source Files</Filter>
    </ClCompile>
    <ClCompile Include="precomp.cpp">
      <Filter>Source Files</Filter>
    </ClCompile>
    <ClCompile Include="Private.cpp">
      <Filter>Source Files</Filter>
    </ClCompile>
    <ClCompile Include="proppage.cpp">
      <Filter>Source Files</Filter>
    </ClCompile>
    <ClCompile Include="Crt\QSORT.C">
      <Filter>Source Files</Filter>
    </ClCompile>
    <ClCompile Include="Crt\rand.c">
      <Filter>Source Files</Filter>
    </ClCompile>
    <ClCompile Include="returnbool.cpp">
      <Filter>Source Files</Filter>
    </ClCompile>
    <ClCompile Include="returnstring.cpp">
      <Filter>Source Files</Filter>
    </ClCompile>
    <ClCompile Include="ScriptString.cpp">
      <Filter>Source Files</Filter>
    </ClCompile>
    <ClCompile Include="ShortCuts.cpp">
      <Filter>Source Files</Filter>
    </ClCompile>
    <ClCompile Include="StaticLink.cpp">
      <Filter>Source Files</Filter>
    </ClCompile>
    <ClCompile Include="Streams.cpp">
      <Filter>Source Files</Filter>
    </ClCompile>
    <ClCompile Include="support.cpp">
      <Filter>Source Files</Filter>
    </ClCompile>
    <ClCompile Include="tool.cpp">
      <Filter>Source Files</Filter>
    </ClCompile>
    <ClCompile Include="Tools.cpp">
      <Filter>Source Files</Filter>
    </ClCompile>
    <ClCompile Include="Tooltip.cpp">
      <Filter>Source Files</Filter>
    </ClCompile>
    <ClCompile Include="Tppopup.cpp">
      <Filter>Source Files</Filter>
    </ClCompile>
    <ClCompile Include="Utility.cpp">
      <Filter>Source Files</Filter>
    </ClCompile>
    <ClCompile Include="Crt\WCSCAT.C">
      <Filter>Source Files</Filter>
    </ClCompile>
    <ClCompile Include="Crt\WCSCMP.C">
      <Filter>Source Files</Filter>
    </ClCompile>
    <ClCompile Include="Crt\WCSLEN.C">
      <Filter>Source Files</Filter>
    </ClCompile>
    <ClCompile Include="WhatsThisHelp.cpp">
      <Filter>Source Files</Filter>
    </ClCompile>
    <ClCompile Include="WindowProc.cpp">
      <Filter>Source Files</Filter>
    </ClCompile>
    <ClCompile Include="xevents.cpp">
      <Filter>Source Files</Filter>
    </ClCompile>
  </ItemGroup>
  <ItemGroup>
    <Midl Include="Private.odl">
      <Filter>Source Files</Filter>
    </Midl>
    <Midl Include="prj.odl">
      <Filter>Source Files</Filter>
    </Midl>
  </ItemGroup>
  <ItemGroup>
    <ResourceCompile Include="prj.rc">
      <Filter>Source Files</Filter>
    </ResourceCompile>
    <ResourceCompile Include="resJap\prjJap.rc">
      <Filter>Source Files</Filter>
    </ResourceCompile>
  </ItemGroup>
  <ItemGroup>
    <ClInclude Include="Band.h">
      <Filter>Header Files</Filter>
    </ClInclude>
    <ClInclude Include="Bands.h">
      <Filter>Header Files</Filter>
    </ClInclude>
    <ClInclude Include="Bar.h">
      <Filter>Header Files</Filter>
    </ClInclude>
    <ClInclude Include="Btabs.h">
      <Filter>Header Files</Filter>
    </ClInclude>
    <ClInclude Include="Categories.h">
      <Filter>Header Files</Filter>
    </ClInclude>
    <ClInclude Include="CategoryMgr.h">
      <Filter>Header Files</Filter>
    </ClInclude>
    <ClInclude Include="CATIDREG.H">
      <Filter>Header Files</Filter>
    </ClInclude>
    <ClInclude Include="CBList.h">
      <Filter>Header Files</Filter>
    </ClInclude>
    <ClInclude Include="ChildBands.h">
      <Filter>Header Files</Filter>
    </ClInclude>
    <ClInclude Include="..\..\..\Program Files\Microsoft Visual Studio\VC98\CRT\SRC\CRUNTIME.H">
      <Filter>Header Files</Filter>
    </ClInclude>
    <ClInclude Include="Custom.h">
      <Filter>Header Files</Filter>
    </ClInclude>
    <ClInclude Include="CustomizeListbox.h">
      <Filter>Header Files</Filter>
    </ClInclude>
    <ClInclude Include="customproxy.h">
      <Filter>Header Files</Filter>
    </ClInclude>
    <ClInclude Include="customtool.h">
      <Filter>Header Files</Filter>
    </ClInclude>
    <ClInclude Include="DDASYNC.H">
      <Filter>Header Files</Filter>
    </ClInclude>
    <ClInclude Include="DEBUG.H">
      <Filter>Header Files</Filter>
    </ClInclude>
    <ClInclude Include="Designer\DesignerInterfaces.h">
      <Filter>Header Files</Filter>
    </ClInclude>
    <ClInclude Include="Dib.h">
      <Filter>Header Files</Filter>
    </ClInclude>
    <ClInclude Include="Dispids.h">
      <Filter>Header Files</Filter>
    </ClInclude>
    <ClInclude Include="Dock.h">
      <Filter>Header Files</Filter>
    </ClInclude>
    <ClInclude Include="Designer\DragDrop.h">
      <Filter>Header Files</Filter>
    </ClInclude>
    <ClInclude Include="Designer\DragDropMgr.h">
      <Filter>Header Files</Filter>
    </ClInclude>
    <ClInclude Include="DropSource.h">
      <Filter>Header Files</Filter>
    </ClInclude>
    <ClInclude Include="ENUMX.H">
      <Filter>Header Files</Filter>
    </ClInclude>
    <ClInclude Include="ERRORS.H">
      <Filter>Header Files</Filter>
    </ClInclude>
    <ClInclude Include="EventLog.h">
      <Filter>Header Files</Filter>
    </ClInclude>
    <ClInclude Include="FDIALOG.H">
      <Filter>Header Files</Filter>
    </ClInclude>
    <ClInclude Include="Flicker.h">
      <Filter>Header Files</Filter>
    </ClInclude>
    <ClInclude Include="fontholder.h">
      <Filter>Header Files</Filter>
    </ClInclude>
    <ClInclude Include="FREGKEY.H">
      <Filter>Header Files</Filter>
    </ClInclude>
    <ClInclude Include="FWND.H">
      <Filter>Header Files</Filter>
    </ClInclude>
    <ClInclude Include="GLOBALS.H">
      <Filter>Header Files</Filter>
    </ClInclude>
    <ClInclude Include="GUIDS.H">
      <Filter>Header Files</Filter>
    </ClInclude>
    <ClInclude Include="ImageMgr.h">
      <Filter>Header Files</Filter>
    </ClInclude>
    <ClInclude Include="interfaces.h">
      <Filter>Header Files</Filter>
    </ClInclude>
    <ClInclude Include="IPSERVER.H">
      <Filter>Header Files</Filter>
    </ClInclude>
    <ClInclude Include="localizer.h">
      <Filter>Header Files</Filter>
    </ClInclude>
    <ClInclude Include="MAP.H">
      <Filter>Header Files</Filter>
    </ClInclude>
    <ClInclude Include="MINIWIN.H">
      <Filter>Header Files</Filter>
    </ClInclude>
    <ClInclude Include="MTDLL.H">
      <Filter>Header Files</Filter>
    </ClInclude>
    <ClInclude Include="Popupwin.h">
      <Filter>Header Files</Filter>
    </ClInclude>
    <ClInclude Include="precomp.h">
      <Filter>Header Files</Filter>
    </ClInclude>
    <ClInclude Include="PrivateInterfaces.h">
      <Filter>Header Files</Filter>
    </ClInclude>
    <ClInclude Include="resource.h">
      <Filter>Header Files</Filter>
    </ClInclude>
    <ClInclude Include="returnbool.h">
      <Filter>Header Files</Filter>
    </ClInclude>
    <ClInclude Include="returnstring.h">
      <Filter>Header Files</Filter>
    </ClInclude>
    <ClInclude Include="ScriptString.h">
      <Filter>Header Files</Filter>
    </ClInclude>
    <ClInclude Include="ShortCuts.h">
      <Filter>Header Files</Filter>
    </ClInclude>
    <ClInclude Include="StaticLink.h">
      <Filter>Header Files</Filter>
    </ClInclude>
    <ClInclude Include="Streams.h">
      <Filter>Header Files</Filter>
    </ClInclude>
    <ClInclude Include="SUPPORT.H">
      <Filter>Header Files</Filter>
    </ClInclude>
    <ClInclude Include="Tool.h">
      <Filter>Header Files</Filter>
    </ClInclude>
    <ClInclude Include="Tools.h">
      <Filter>Header Files</Filter>
    </ClInclude>
    <ClInclude Include="Tooltip.h">
      <Filter>Header Files</Filter>
    </ClInclude>
    <ClInclude Include="Tppopup.h">
      <Filter>Header Files</Filter>
    </ClInclude>
    <ClInclude Include="Utility.h">
      <Filter>Header Files</Filter>
    </ClInclude>
    <ClInclude Include="WindowProc.h">
      <Filter>Header Files</Filter>
    </ClInclude>
    <ClInclude Include="XEVENTS.H">
      <Filter>Header Files</Filter>
    </ClInclude>
  </ItemGroup>
  <ItemGroup>
    <Image Include="Res\BITMAP1.BMP">
      <Filter>Resource Files</Filter>
    </Image>
    <Image Include="Res\bitmap3.bmp">
      <Filter>Resource Files</Filter>
    </Image>
    <Image Include="Res\bmp00001.bmp">
      <Filter>Resource Files</Filter>
    </Image>
    <Image Include="Res\BMP00002.BMP">
      <Filter>Resource Files</Filter>
    </Image>
    <Image Include="Res\BMP00003.BMP">
      <Filter>Resource Files</Filter>
    </Image>
    <Image Include="Res\bmp00004.bmp">
      <Filter>Resource Files</Filter>
    </Image>
    <Image Include="Res\bmp00005.bmp">
      <Filter>Resource Files</Filter>
    </Image>
    <Image Include="Res\bmp00006.bmp">
      <Filter>Resource Files</Filter>
    </Image>
    <Image Include="Res\bmp00007.bmp">
      <Filter>Resource Files</Filter>
    </Image>
    <Image Include="Res\cascade.bmp">
      <Filter>Resource Files</Filter>
    </Image>
    <Image Include="Res\CHECKBMP.BMP">
      <Filter>Resource Files</Filter>
    </Image>
    <Image Include="Res\expandve.bmp">
      <Filter>Resource Files</Filter>
    </Image>
    <Image Include="Res\GRAB1.BMP">
      <Filter>Resource Files</Filter>
    </Image>
    <Image Include="Res\GRAB2.BMP">
      <Filter>Resource Files</Filter>
    </Image>
    <Image Include="Res\GRAB3.BMP">
      <Filter>Resource Files</Filter>
    </Image>
    <Image Include="Res\GRAB4.BMP">
      <Filter>Resource Files</Filter>
    </Image>
    <Image Include="Res\icon1.ico">
      <Filter>Resource Files</Filter>
    </Image>
    <Image Include="Res\ICON2.ICO">
      <Filter>Resource Files</Filter>
    </Image>
    <Image Include="Res\menuexpa.bmp">
      <Filter>Resource Files</Filter>
    </Image>
    <Image Include="Res\MENUSCRO.BMP">
      <Filter>Resource Files</Filter>
    </Image>
    <Image Include="Res\OVERFLOW.BMP">
      <Filter>Resource Files</Filter>
    </Image>
    <Image Include="Res\SUBMENUB.BMP">
      <Filter>Resource Files</Filter>
    </Image>
    <Image Include="Res\SYSCLOSE.BMP">
      <Filter>Resource Files</Filter>
    </Image>
    <Image Include="Res\SYSMAX.BMP">
      <Filter>Resource Files</Filter>
    </Image>
    <Image Include="Res\SYSMINIM.BMP">
      <Filter>Resource Files</Filter>
    </Image>
    <Image Include="Res\SYSRESTO.BMP">
      <Filter>Resource Files</Filter>
    </Image>
    <Image Include="Res\titehorz.bmp">
      <Filter>Resource Files</Filter>
    </Image>
  </ItemGroup>
  <ItemGroup>
    <CustomBuild Include="ABDLLPRJ.DEF">
      <Filter>Source Files</Filter>
    </CustomBuild>
    <CustomBuild Include="ActiveBar 2 work items.xls">
      <Filter>Source Files</Filter>
    </CustomBuild>
    <CustomBuild Include="PRJ.DEF">
      <Filter>Source Files</Filter>
    </CustomBuild>
    <CustomBuild Include="prj.tlb">
      <Filter>Source Files</Filter>
    </CustomBuild>
    <CustomBuild Include="Res\cur00001.cur">
      <Filter>Resource Files</Filter>
    </CustomBuild>
    <CustomBuild Include="Res\cur00002.cur">
      <Filter>Resource Files</Filter>
    </CustomBuild>
    <CustomBuild Include="Res\cursor1.cur">
      <Filter>Resource Files</Filter>
    </CustomBuild>
    <CustomBuild Include="Res\H_POINT.CUR">
      <Filter>Resource Files</Filter>
    </CustomBuild>
    <CustomBuild Include="Res\hsplitba.cur">
      <Filter>Resource Files</Filter>
    </CustomBuild>
    <CustomBuild Include="Res\IDCC_DRA.CUR">
      <Filter>Resource Files</Filter>
    </CustomBuild>
    <CustomBuild Include="Res\splith.cur">
      <Filter>Resource Files</Filter>
    </CustomBuild>
    <CustomBuild Include="Res\splitv.cur">
      <Filter>Resource Files</Filter>
    </CustomBuild>
  </ItemGroup>
</Project>